
Microsoft Visual Studio Solution File, Format Version 12.00
# Visual Studio Version 16
VisualStudioVersion = 16.0.31112.23
MinimumVisualStudioVersion = 10.0.40219.1
Project("{FAE04EC0-301F-11D3-BF4B-00C04F79EFBC}") = "SampleGrpcService", "SampleGrpcService\SampleGrpcService.csproj", "{DEE409D0-14F0-48FE-99F4-8C9450F840BF}"
EndProject
Project("{FAE04EC0-301F-11D3-BF4B-00C04F79EFBC}") = "SampleGrpcClient", "SampleGrpcClient\SampleGrpcClient.csproj", "{07695CE0-3DC4-4A29-8D74-58464A862D2E}"
EndProject
Global
	GlobalSection(SolutionConfigurationPlatforms) = preSolution
		Debug|Any CPU = Debug|Any CPU
		Release|Any CPU = Release|Any CPU
	EndGlobalSection
	GlobalSection(ProjectConfigurationPlatforms) = postSolution
		{DEE409D0-14F0-48FE-99F4-8C9450F840BF}.Debug|Any CPU.ActiveCfg = Debug|Any CPU
		{DEE409D0-14F0-48FE-99F4-8C9450F840BF}.Debug|Any CPU.Build.0 = Debug|Any CPU
		{DEE409D0-14F0-48FE-99F4-8C9450F840BF}.Release|Any CPU.ActiveCfg = Release|Any CPU
		{DEE409D0-14F0-48FE-99F4-8C9450F840BF}.Release|Any CPU.Build.0 = Release|Any CPU
		{07695CE0-3DC4-4A29-8D74-58464A862D2E}.Debug|Any CPU.ActiveCfg = Debug|Any CPU
		{07695CE0-3DC4-4A29-8D74-58464A862D2E}.Debug|Any CPU.Build.0 = Debug|Any CPU
		{07695CE0-3DC4-4A29-8D74-58464A862D2E}.Release|Any CPU.ActiveCfg = Release|Any CPU
		{07695CE0-3DC4-4A29-8D74-58464A862D2E}.Release|Any CPU.Build.0 = Release|Any CPU
	EndGlobalSection
	GlobalSection(SolutionProperties) = preSolution
		HideSolutionNode = FALSE
	EndGlobalSection
	GlobalSection(ExtensibilityGlobals) = postSolution
		SolutionGuid = {A0EFE714-E016-4652-A17F-2E8CCB459CF2}
	EndGlobalSection
EndGlobal
